
Microsoft Visual Studio Solution File, Format Version 12.00
# Visual Studio 15
VisualStudioVersion = 15.0.27703.2026
MinimumVisualStudioVersion = 10.0.40219.1
Project("{9A19103F-16F7-4668-BE54-9A1E7A4F7556}") = "Main", "Main\Main.csproj", "{ACD5113D-78C2-46EB-BA6A-2A7E8BA7E5B2}"
EndProject
Project("{9A19103F-16F7-4668-BE54-9A1E7A4F7556}") = "Refs", "Refs\Refs.csproj", "{711F9604-C21F-46FD-8D60-EF99A4326B68}"
EndProject
Project("{9A19103F-16F7-4668-BE54-9A1E7A4F7556}") = "Spans", "Spans\Spans.csproj", "{3BF85F55-AF13-40F1-8453-F0835C665CAD}"
EndProject
Project("{9A19103F-16F7-4668-BE54-9A1E7A4F7556}") = "PatternMatching", "PatternMatching\PatternMatching.csproj", "{5BD6F1EA-9089-44C7-8719-8E7C69BC4DAE}"
EndProject
Project("{9A19103F-16F7-4668-BE54-9A1E7A4F7556}") = "Tuples", "Tuples\Tuples.csproj", "{7FB57DB9-2557-41CA-9B23-B1F12DF10BDF}"
EndProject
Project("{2150E333-8FDC-42A3-9474-1A3956D46DE8}") = "1", "1", "{188D9FCE-C6E3-4BD3-A146-188142EE4958}"
EndProject
Project("{2150E333-8FDC-42A3-9474-1A3956D46DE8}") = "3-4", "3-4", "{C4B90C18-B9E1-4D62-B4A9-4E0E6A73CF53}"
EndProject
Project("{2150E333-8FDC-42A3-9474-1A3956D46DE8}") = "2", "2", "{43FE74CA-EE5A-4C84-91EA-2852422F6B9B}"
EndProject
Project("{2150E333-8FDC-42A3-9474-1A3956D46DE8}") = "6", "6", "{8D13EF7D-6E36-4C5A-ABE6-506E19C80C93}"
EndProject
Project("{2150E333-8FDC-42A3-9474-1A3956D46DE8}") = "5", "5", "{C4EFA3FF-1880-454C-B3B1-0984FABBEF96}"
EndProject
Project("{2150E333-8FDC-42A3-9474-1A3956D46DE8}") = "7", "7", "{E042DAD0-67D5-4C4B-9ACD-87565C9F99D6}"
EndProject
Project("{9A19103F-16F7-4668-BE54-9A1E7A4F7556}") = "NonNullable", "NonNullable\NonNullable.csproj", "{3EEDEDDD-EDE3-4639-BE73-8A01634D01CE}"
EndProject
Global
	GlobalSection(SolutionConfigurationPlatforms) = preSolution
		Debug|Any CPU = Debug|Any CPU
		Release|Any CPU = Release|Any CPU
	EndGlobalSection
	GlobalSection(ProjectConfigurationPlatforms) = postSolution
		{ACD5113D-78C2-46EB-BA6A-2A7E8BA7E5B2}.Debug|Any CPU.ActiveCfg = Debug|Any CPU
		{ACD5113D-78C2-46EB-BA6A-2A7E8BA7E5B2}.Debug|Any CPU.Build.0 = Debug|Any CPU
		{ACD5113D-78C2-46EB-BA6A-2A7E8BA7E5B2}.Release|Any CPU.ActiveCfg = Release|Any CPU
		{ACD5113D-78C2-46EB-BA6A-2A7E8BA7E5B2}.Release|Any CPU.Build.0 = Release|Any CPU
		{711F9604-C21F-46FD-8D60-EF99A4326B68}.Debug|Any CPU.ActiveCfg = Debug|Any CPU
		{711F9604-C21F-46FD-8D60-EF99A4326B68}.Debug|Any CPU.Build.0 = Debug|Any CPU
		{711F9604-C21F-46FD-8D60-EF99A4326B68}.Release|Any CPU.ActiveCfg = Release|Any CPU
		{711F9604-C21F-46FD-8D60-EF99A4326B68}.Release|Any CPU.Build.0 = Release|Any CPU
		{3BF85F55-AF13-40F1-8453-F0835C665CAD}.Debug|Any CPU.ActiveCfg = Debug|Any CPU
		{3BF85F55-AF13-40F1-8453-F0835C665CAD}.Debug|Any CPU.Build.0 = Debug|Any CPU
		{3BF85F55-AF13-40F1-8453-F0835C665CAD}.Release|Any CPU.ActiveCfg = Release|Any CPU
		{3BF85F55-AF13-40F1-8453-F0835C665CAD}.Release|Any CPU.Build.0 = Release|Any CPU
		{5BD6F1EA-9089-44C7-8719-8E7C69BC4DAE}.Debug|Any CPU.ActiveCfg = Debug|Any CPU
		{5BD6F1EA-9089-44C7-8719-8E7C69BC4DAE}.Debug|Any CPU.Build.0 = Debug|Any CPU
		{5BD6F1EA-9089-44C7-8719-8E7C69BC4DAE}.Release|Any CPU.ActiveCfg = Release|Any CPU
		{5BD6F1EA-9089-44C7-8719-8E7C69BC4DAE}.Release|Any CPU.Build.0 = Release|Any CPU
		{7FB57DB9-2557-41CA-9B23-B1F12DF10BDF}.Debug|Any CPU.ActiveCfg = Debug|Any CPU
		{7FB57DB9-2557-41CA-9B23-B1F12DF10BDF}.Debug|Any CPU.Build.0 = Debug|Any CPU
		{7FB57DB9-2557-41CA-9B23-B1F12DF10BDF}.Release|Any CPU.ActiveCfg = Release|Any CPU
		{7FB57DB9-2557-41CA-9B23-B1F12DF10BDF}.Release|Any CPU.Build.0 = Release|Any CPU
		{3EEDEDDD-EDE3-4639-BE73-8A01634D01CE}.Debug|Any CPU.ActiveCfg = Debug|Any CPU
		{3EEDEDDD-EDE3-4639-BE73-8A01634D01CE}.Debug|Any CPU.Build.0 = Debug|Any CPU
		{3EEDEDDD-EDE3-4639-BE73-8A01634D01CE}.Release|Any CPU.ActiveCfg = Release|Any CPU
		{3EEDEDDD-EDE3-4639-BE73-8A01634D01CE}.Release|Any CPU.Build.0 = Release|Any CPU
	EndGlobalSection
	GlobalSection(SolutionProperties) = preSolution
		HideSolutionNode = FALSE
	EndGlobalSection
	GlobalSection(NestedProjects) = preSolution
		{ACD5113D-78C2-46EB-BA6A-2A7E8BA7E5B2} = {C4EFA3FF-1880-454C-B3B1-0984FABBEF96}
		{711F9604-C21F-46FD-8D60-EF99A4326B68} = {188D9FCE-C6E3-4BD3-A146-188142EE4958}
		{3BF85F55-AF13-40F1-8453-F0835C665CAD} = {C4B90C18-B9E1-4D62-B4A9-4E0E6A73CF53}
		{5BD6F1EA-9089-44C7-8719-8E7C69BC4DAE} = {8D13EF7D-6E36-4C5A-ABE6-506E19C80C93}
		{7FB57DB9-2557-41CA-9B23-B1F12DF10BDF} = {43FE74CA-EE5A-4C84-91EA-2852422F6B9B}
		{3EEDEDDD-EDE3-4639-BE73-8A01634D01CE} = {E042DAD0-67D5-4C4B-9ACD-87565C9F99D6}
	EndGlobalSection
	GlobalSection(ExtensibilityGlobals) = postSolution
		SolutionGuid = {21E3D779-C734-436D-8723-87804B93E722}
	EndGlobalSection
EndGlobal
